Microsoft Visual Studio Solution File, Format Version 11.00
# Visual Studio 2008

Project("{6BCFE232-DDB8-C132-956C-DE254EAB885C}") = "jngo42_MemoryGame", "Assembly-CSharp.csproj", "{C72FA25C-1376-F176-2A4C-2A288E850148}"
EndProject
Global
	GlobalSection(SolutionConfigurationPlatforms) = preSolution
		Debug|Any CPU = Debug|Any CPU
		Release|Any CPU = Release|Any CPU
	EndGlobalSection
	GlobalSection(ProjectConfigurationPlatforms) = postSolution
		{C72FA25C-1376-F176-2A4C-2A288E850148}.Debug|Any CPU.ActiveCfg = Debug|Any CPU
		{C72FA25C-1376-F176-2A4C-2A288E850148}.Debug|Any CPU.Build.0 = Debug|Any CPU
		{C72FA25C-1376-F176-2A4C-2A288E850148}.Release|Any CPU.ActiveCfg = Release|Any CPU
		{C72FA25C-1376-F176-2A4C-2A288E850148}.Release|Any CPU.Build.0 = Release|Any CPU
	EndGlobalSection
	GlobalSection(SolutionProperties) = preSolution
		HideSolutionNode = FALSE
	EndGlobalSection
	GlobalSection(MonoDevelopProperties) = preSolution
		StartupItem = Assembly-CSharp.csproj
	EndGlobalSection
EndGlobal
